github.com/go-chi/chi/v5 v5.0.7 h1:rDTPXLDHGATaeHvVlLcR4Qe0zftYethFucbjVQ1PxU8=
github.com/go-chi/chi/v5 v5.0.7/go.mod h1:DslCQbL2OYiznFReuXYUmQ2hGd1aDpCnlMNITLSKoi8=
github.com/go-chi/cors v1.2.1 h1:xEC8UT3Rlp2QuWNEr4Fs/c2EAGVKBwy/1vHx3bppil4=
github.com/go-chi/cors v1.2.1/go.mod h1:sSbTewc+6wYHBBCW7ytsFSn836hqM7JxpglAy2Vzc58=
github.com/stephenjlovell/json-helpers v0.0.0-20220606185835-8aa9038b16d2 h1:nyZQWMMsz3sUK0pg/aPp4pMq80ipAzvWRm9+0Ir5dOc=
github.com/stephenjlovell/json-helpers v0.0.0-20220606185835-8aa9038b16d2/go.mod h1:jGZLCMqwRY6AYhNneC1fqdwSwY1LFQD7i4y3Xw/NLHU=
