github.com/rabbitmq/amqp091-go v1.3.4 h1:tXuIslN1nhDqs2t6Jrz3BAoqvt4qIZzxvdbdcxWtHYU=
github.com/rabbitmq/amqp091-go v1.3.4/go.mod h1:ogQDLSOACsLPsIq0NpbtiifNZi2YOz0VTJ0kHRghqbM=
github.com/stephenjlovell/json-helpers v0.0.0-20220606185835-8aa9038b16d2 h1:nyZQWMMsz3sUK0pg/aPp4pMq80ipAzvWRm9+0Ir5dOc=
github.com/stephenjlovell/json-helpers v0.0.0-20220606185835-8aa9038b16d2/go.mod h1:jGZLCMqwRY6AYhNneC1fqdwSwY1LFQD7i4y3Xw/NLHU=
